{
    "version": 3,
    "terraform_version": "0.9.10",
    "serial": 22,
    "lineage": "f91e4aaf-1332-4338-bf15-79c202ed771d",
    "modules": [
        {
            "path": [
                "root"
            ],
            "outputs": {},
            "resources": {
                "aws_eip.forNat": {
                    "type": "aws_eip",
                    "depends_on": [],
                    "primary": {
                        "id": "eipalloc-7cdd7a15",
                        "attributes": {
                            "association_id": "",
                            "domain": "vpc",
                            "id": "eipalloc-7cdd7a15",
                            "instance": "",
                            "network_interface": "",
                            "private_ip": "",
                            "public_ip": "52.56.154.24",
                            "vpc": "true"
                        },
                        "meta": {},
                        "tainted": false
                    },
                    "deposed": [],
                    "provider": ""
                },
                "aws_instance.database": {
                    "type": "aws_instance",
                    "depends_on": [
                        "aws_security_group.Database",
                        "aws_subnet.Private"
                    ],
                    "primary": {
                        "id": "i-07dde869eefd53e1e",
                        "attributes": {
                            "ami": "ami-59bda83d",
                            "associate_public_ip_address": "false",
                            "availability_zone": "eu-west-2b",
                            "disable_api_termination": "false",
                            "ebs_block_device.#": "0",
                            "ebs_optimized": "false",
                            "ephemeral_block_device.#": "0",
                            "iam_instance_profile": "",
                            "id": "i-07dde869eefd53e1e",
                            "instance_state": "running",
                            "instance_type": "t2.micro",
                            "ipv6_addresses.#": "0",
                            "key_name": "london",
                            "monitoring": "false",
                            "network_interface.#": "0",
                            "network_interface_id": "eni-19675954",
                            "primary_network_interface_id": "eni-19675954",
                            "private_dns": "ip-172-28-3-249.eu-west-2.compute.internal",
                            "private_ip": "172.28.3.249",
                            "public_dns": "",
                            "public_ip": "",
                            "root_block_device.#": "1",
                            "root_block_device.0.delete_on_termination": "true",
                            "root_block_device.0.iops": "100",
                            "root_block_device.0.volume_size": "8",
                            "root_block_device.0.volume_type": "gp2",
                            "security_groups.#": "0",
                            "source_dest_check": "true",
                            "subnet_id": "subnet-d4fa3499",
                            "tags.%": "1",
                            "tags.Name": "database",
                            "tenancy": "default",
                            "user_data": "0e9a8b64ddf7ff300e258ce72109ba984fc475bd",
                            "volume_tags.%": "0",
                            "vpc_security_group_ids.#": "1",
                            "vpc_security_group_ids.3566996562": "sg-9e5511f7"
                        },
                        "meta": {
                            "e2bfb730-ecaa-11e6-8f88-34363bc7c4c0": {
                                "create": 600000000000,
                                "delete": 600000000000,
                                "update": 600000000000
                            },
                            "schema_version": "1"
                        },
                        "tainted": false
                    },
                    "deposed": [],
                    "provider": ""
                },
                "aws_instance.phpapp": {
                    "type": "aws_instance",
                    "depends_on": [
                        "aws_security_group.FrontEnd",
                        "aws_subnet.Public"
                    ],
                    "primary": {
                        "id": "i-07a43e09023132c26",
                        "attributes": {
                            "ami": "ami-59bda83d",
                            "associate_public_ip_address": "true",
                            "availability_zone": "eu-west-2a",
                            "disable_api_termination": "false",
                            "ebs_block_device.#": "0",
                            "ebs_optimized": "false",
                            "ephemeral_block_device.#": "0",
                            "iam_instance_profile": "",
                            "id": "i-07a43e09023132c26",
                            "instance_state": "running",
                            "instance_type": "t2.micro",
                            "ipv6_addresses.#": "0",
                            "key_name": "london",
                            "monitoring": "false",
                            "network_interface.#": "0",
                            "network_interface_id": "eni-50c6652a",
                            "primary_network_interface_id": "eni-50c6652a",
                            "private_dns": "ip-172-28-2-169.eu-west-2.compute.internal",
                            "private_ip": "172.28.2.169",
                            "public_dns": "ec2-35-176-102-15.eu-west-2.compute.amazonaws.com",
                            "public_ip": "35.176.102.15",
                            "root_block_device.#": "1",
                            "root_block_device.0.delete_on_termination": "true",
                            "root_block_device.0.iops": "100",
                            "root_block_device.0.volume_size": "8",
                            "root_block_device.0.volume_type": "gp2",
                            "security_groups.#": "0",
                            "source_dest_check": "true",
                            "subnet_id": "subnet-0484357f",
                            "tags.%": "1",
                            "tags.Name": "phpapp",
                            "tenancy": "default",
                            "user_data": "fda97eee2e16a2114ca9f5b2063163c5e4a03a1c",
                            "volume_tags.%": "0",
                            "vpc_security_group_ids.#": "1",
                            "vpc_security_group_ids.2264045632": "sg-5355113a"
                        },
                        "meta": {
                            "e2bfb730-ecaa-11e6-8f88-34363bc7c4c0": {
                                "create": 600000000000,
                                "delete": 600000000000,
                                "update": 600000000000
                            },
                            "schema_version": "1"
                        },
                        "tainted": false
                    },
                    "deposed": [],
                    "provider": ""
                },
                "aws_internet_gateway.gw": {
                    "type": "aws_internet_gateway",
                    "depends_on": [
                        "aws_vpc.london_paddington"
                    ],
                    "primary": {
                        "id": "igw-0b5cf162",
                        "attributes": {
                            "id": "igw-0b5cf162",
                            "tags.%": "1",
                            "tags.Name": "internet gw terraform generated",
                            "vpc_id": "vpc-ef189b86"
                        },
                        "meta": {},
                        "tainted": false
                    },
                    "deposed": [],
                    "provider": ""
                },
                "aws_nat_gateway.Public": {
                    "type": "aws_nat_gateway",
                    "depends_on": [
                        "aws_eip.forNat",
                        "aws_internet_gateway.gw",
                        "aws_subnet.Public"
                    ],
                    "primary": {
                        "id": "nat-03e2aaabf55b16f8d",
                        "attributes": {
                            "allocation_id": "eipalloc-7cdd7a15",
                            "id": "nat-03e2aaabf55b16f8d",
                            "network_interface_id": "eni-f0c5668a",
                            "private_ip": "172.28.2.103",
                            "public_ip": "52.56.154.24",
                            "subnet_id": "subnet-0484357f"
                        },
                        "meta": {},
                        "tainted": false
                    },
                    "deposed": [],
                    "provider": ""
                },
                "aws_network_acl.all": {
                    "type": "aws_network_acl",
                    "depends_on": [
                        "aws_vpc.london_paddington"
                    ],
                    "primary": {
                        "id": "acl-24b53e4d",
                        "attributes": {
                            "egress.#": "1",
                            "egress.2943206146.action": "allow",
                            "egress.2943206146.cidr_block": "0.0.0.0/0",
                            "egress.2943206146.from_port": "0",
                            "egress.2943206146.icmp_code": "0",
                            "egress.2943206146.icmp_type": "0",
                            "egress.2943206146.ipv6_cidr_block": "",
                            "egress.2943206146.protocol": "-1",
                            "egress.2943206146.rule_no": "2",
                            "egress.2943206146.to_port": "0",
                            "id": "acl-24b53e4d",
                            "ingress.#": "1",
                            "ingress.1564094202.action": "allow",
                            "ingress.1564094202.cidr_block": "0.0.0.0/0",
                            "ingress.1564094202.from_port": "0",
                            "ingress.1564094202.icmp_code": "0",
                            "ingress.1564094202.icmp_type": "0",
                            "ingress.1564094202.ipv6_cidr_block": "",
                            "ingress.1564094202.protocol": "-1",
                            "ingress.1564094202.rule_no": "1",
                            "ingress.1564094202.to_port": "0",
                            "subnet_ids.#": "0",
                            "tags.%": "1",
                            "tags.Name": "open acl",
                            "vpc_id": "vpc-ef189b86"
                        },
                        "meta": {},
                        "tainted": false
                    },
                    "deposed": [],
                    "provider": ""
                },
                "aws_route53_record.database": {
                    "type": "aws_route53_record",
                    "depends_on": [
                        "aws_instance.database",
                        "aws_route53_zone.main"
                    ],
                    "primary": {
                        "id": "Z3M94EE42KVHFT_mydatabase.linuxacademy.internal_A",
                        "attributes": {
                            "fqdn": "mydatabase.linuxacademy.internal",
                            "health_check_id": "",
                            "id": "Z3M94EE42KVHFT_mydatabase.linuxacademy.internal_A",
                            "name": "mydatabase.linuxacademy.internal",
                            "records.#": "1",
                            "records.3612566150": "172.28.3.249",
                            "set_identifier": "",
                            "ttl": "60",
                            "type": "A",
                            "zone_id": "Z3M94EE42KVHFT"
                        },
                        "meta": {
                            "schema_version": "2"
                        },
                        "tainted": false
                    },
                    "deposed": [],
                    "provider": ""
                },
                "aws_route53_record.www": {
                    "type": "aws_route53_record",
                    "depends_on": [
                        "aws_instance.phpapp",
                        "aws_route53_zone.external"
                    ],
                    "primary": {
                        "id": "Z3FTXI3KYX0XL4_mytestserver.itiboribo43.com_A",
                        "attributes": {
                            "fqdn": "mytestserver.itiboribo43.com",
                            "health_check_id": "",
                            "id": "Z3FTXI3KYX0XL4_mytestserver.itiboribo43.com_A",
                            "name": "mytestserver.itiboribo43.com",
                            "records.#": "1",
                            "records.1795066463": "35.176.102.15",
                            "set_identifier": "",
                            "ttl": "60",
                            "type": "A",
                            "zone_id": "Z3FTXI3KYX0XL4"
                        },
                        "meta": {
                            "schema_version": "2"
                        },
                        "tainted": false
                    },
                    "deposed": [],
                    "provider": ""
                },
                "aws_route53_zone.external": {
                    "type": "aws_route53_zone",
                    "depends_on": [],
                    "primary": {
                        "id": "Z3FTXI3KYX0XL4",
                        "attributes": {
                            "comment": "public domain",
                            "delegation_set_id": "N1H5DY0R34KDF8",
                            "force_destroy": "false",
                            "id": "Z3FTXI3KYX0XL4",
                            "name": "itiboribo43.com",
                            "name_servers.#": "4",
                            "name_servers.0": "ns-1311.awsdns-35.org",
                            "name_servers.1": "ns-151.awsdns-18.com",
                            "name_servers.2": "ns-1699.awsdns-20.co.uk",
                            "name_servers.3": "ns-824.awsdns-39.net",
                            "tags.%": "0",
                            "zone_id": "Z3FTXI3KYX0XL4"
                        },
                        "meta": {},
                        "tainted": false
                    },
                    "deposed": [],
                    "provider": ""
                },
                "aws_route53_zone.main": {
                    "type": "aws_route53_zone",
                    "depends_on": [
                        "aws_vpc.london_paddington"
                    ],
                    "primary": {
                        "id": "Z3M94EE42KVHFT",
                        "attributes": {
                            "comment": "Managed by terraform",
                            "force_destroy": "false",
                            "id": "Z3M94EE42KVHFT",
                            "name": "linuxacademy.internal",
                            "name_servers.#": "4",
                            "name_servers.0": "ns-0.awsdns-00.com.",
                            "name_servers.1": "ns-1024.awsdns-00.org.",
                            "name_servers.2": "ns-1536.awsdns-00.co.uk.",
                            "name_servers.3": "ns-512.awsdns-00.net.",
                            "tags.%": "0",
                            "vpc_id": "vpc-ef189b86",
                            "vpc_region": "eu-west-2",
                            "zone_id": "Z3M94EE42KVHFT"
                        },
                        "meta": {},
                        "tainted": false
                    },
                    "deposed": [],
                    "provider": ""
                },
                "aws_route_table.private": {
                    "type": "aws_route_table",
                    "depends_on": [
                        "aws_nat_gateway.Public",
                        "aws_vpc.london_paddington"
                    ],
                    "primary": {
                        "id": "rtb-69cc5b00",
                        "attributes": {
                            "id": "rtb-69cc5b00",
                            "propagating_vgws.#": "0",
                            "route.#": "1",
                            "route.4259635434.cidr_block": "0.0.0.0/0",
                            "route.4259635434.egress_only_gateway_id": "",
                            "route.4259635434.gateway_id": "",
                            "route.4259635434.instance_id": "",
                            "route.4259635434.ipv6_cidr_block": "",
                            "route.4259635434.nat_gateway_id": "nat-03e2aaabf55b16f8d",
                            "route.4259635434.network_interface_id": "",
                            "route.4259635434.vpc_peering_connection_id": "",
                            "tags.%": "1",
                            "tags.Name": "Private",
                            "vpc_id": "vpc-ef189b86"
                        },
                        "meta": {},
                        "tainted": false
                    },
                    "deposed": [],
                    "provider": ""
                },
                "aws_route_table.public": {
                    "type": "aws_route_table",
                    "depends_on": [
                        "aws_internet_gateway.gw",
                        "aws_vpc.london_paddington"
                    ],
                    "primary": {
                        "id": "rtb-0ecb5c67",
                        "attributes": {
                            "id": "rtb-0ecb5c67",
                            "propagating_vgws.#": "0",
                            "route.#": "1",
                            "route.2201612385.cidr_block": "0.0.0.0/0",
                            "route.2201612385.egress_only_gateway_id": "",
                            "route.2201612385.gateway_id": "igw-0b5cf162",
                            "route.2201612385.instance_id": "",
                            "route.2201612385.ipv6_cidr_block": "",
                            "route.2201612385.nat_gateway_id": "",
                            "route.2201612385.network_interface_id": "",
                            "route.2201612385.vpc_peering_connection_id": "",
                            "tags.%": "1",
                            "tags.Name": "Public",
                            "vpc_id": "vpc-ef189b86"
                        },
                        "meta": {},
                        "tainted": false
                    },
                    "deposed": [],
                    "provider": ""
                },
                "aws_route_table_association.Private": {
                    "type": "aws_route_table_association",
                    "depends_on": [
                        "aws_route_table.private",
                        "aws_subnet.Private"
                    ],
                    "primary": {
                        "id": "rtbassoc-4b5b3222",
                        "attributes": {
                            "id": "rtbassoc-4b5b3222",
                            "route_table_id": "rtb-69cc5b00",
                            "subnet_id": "subnet-d4fa3499"
                        },
                        "meta": {},
                        "tainted": false
                    },
                    "deposed": [],
                    "provider": ""
                },
                "aws_route_table_association.Public": {
                    "type": "aws_route_table_association",
                    "depends_on": [
                        "aws_route_table.public",
                        "aws_subnet.Public"
                    ],
                    "primary": {
                        "id": "rtbassoc-c45a33ad",
                        "attributes": {
                            "id": "rtbassoc-c45a33ad",
                            "route_table_id": "rtb-0ecb5c67",
                            "subnet_id": "subnet-0484357f"
                        },
                        "meta": {},
                        "tainted": false
                    },
                    "deposed": [],
                    "provider": ""
                },
                "aws_security_group.Database": {
                    "type": "aws_security_group",
                    "depends_on": [
                        "aws_security_group.FrontEnd",
                        "aws_vpc.london_paddington"
                    ],
                    "primary": {
                        "id": "sg-9e5511f7",
                        "attributes": {
                            "description": "ONLY tcp CONNECTION INBOUND",
                            "egress.#": "1",
                            "egress.482069346.cidr_blocks.#": "1",
                            "egress.482069346.cidr_blocks.0": "0.0.0.0/0",
                            "egress.482069346.from_port": "0",
                            "egress.482069346.ipv6_cidr_blocks.#": "0",
                            "egress.482069346.prefix_list_ids.#": "0",
                            "egress.482069346.protocol": "-1",
                            "egress.482069346.security_groups.#": "0",
                            "egress.482069346.self": "false",
                            "egress.482069346.to_port": "0",
                            "id": "sg-9e5511f7",
                            "ingress.#": "2",
                            "ingress.2541437006.cidr_blocks.#": "1",
                            "ingress.2541437006.cidr_blocks.0": "0.0.0.0/0",
                            "ingress.2541437006.from_port": "22",
                            "ingress.2541437006.ipv6_cidr_blocks.#": "0",
                            "ingress.2541437006.protocol": "TCP",
                            "ingress.2541437006.security_groups.#": "0",
                            "ingress.2541437006.self": "false",
                            "ingress.2541437006.to_port": "22",
                            "ingress.606952516.cidr_blocks.#": "0",
                            "ingress.606952516.from_port": "3306",
                            "ingress.606952516.ipv6_cidr_blocks.#": "0",
                            "ingress.606952516.protocol": "TCP",
                            "ingress.606952516.security_groups.#": "1",
                            "ingress.606952516.security_groups.2264045632": "sg-5355113a",
                            "ingress.606952516.self": "false",
                            "ingress.606952516.to_port": "3306",
                            "name": "Database",
                            "owner_id": "428018752457",
                            "tags.%": "1",
                            "tags.Name": "Database",
                            "vpc_id": "vpc-ef189b86"
                        },
                        "meta": {},
                        "tainted": false
                    },
                    "deposed": [],
                    "provider": ""
                },
                "aws_security_group.FrontEnd": {
                    "type": "aws_security_group",
                    "depends_on": [
                        "aws_vpc.london_paddington"
                    ],
                    "primary": {
                        "id": "sg-5355113a",
                        "attributes": {
                            "description": "ONLY HTTP CONNECTION INBOUND",
                            "egress.#": "1",
                            "egress.482069346.cidr_blocks.#": "1",
                            "egress.482069346.cidr_blocks.0": "0.0.0.0/0",
                            "egress.482069346.from_port": "0",
                            "egress.482069346.ipv6_cidr_blocks.#": "0",
                            "egress.482069346.prefix_list_ids.#": "0",
                            "egress.482069346.protocol": "-1",
                            "egress.482069346.security_groups.#": "0",
                            "egress.482069346.self": "false",
                            "egress.482069346.to_port": "0",
                            "id": "sg-5355113a",
                            "ingress.#": "2",
                            "ingress.2214680975.cidr_blocks.#": "1",
                            "ingress.2214680975.cidr_blocks.0": "0.0.0.0/0",
                            "ingress.2214680975.from_port": "80",
                            "ingress.2214680975.ipv6_cidr_blocks.#": "0",
                            "ingress.2214680975.protocol": "TCP",
                            "ingress.2214680975.security_groups.#": "0",
                            "ingress.2214680975.self": "false",
                            "ingress.2214680975.to_port": "80",
                            "ingress.2541437006.cidr_blocks.#": "1",
                            "ingress.2541437006.cidr_blocks.0": "0.0.0.0/0",
                            "ingress.2541437006.from_port": "22",
                            "ingress.2541437006.ipv6_cidr_blocks.#": "0",
                            "ingress.2541437006.protocol": "TCP",
                            "ingress.2541437006.security_groups.#": "0",
                            "ingress.2541437006.self": "false",
                            "ingress.2541437006.to_port": "22",
                            "name": "FrontEnd",
                            "owner_id": "428018752457",
                            "tags.%": "1",
                            "tags.Name": "FrontEnd",
                            "vpc_id": "vpc-ef189b86"
                        },
                        "meta": {},
                        "tainted": false
                    },
                    "deposed": [],
                    "provider": ""
                },
                "aws_subnet.Private": {
                    "type": "aws_subnet",
                    "depends_on": [
                        "aws_vpc.london_paddington",
                        "data.aws_availability_zones.available"
                    ],
                    "primary": {
                        "id": "subnet-d4fa3499",
                        "attributes": {
                            "assign_ipv6_address_on_creation": "false",
                            "availability_zone": "eu-west-2b",
                            "cidr_block": "172.28.3.0/24",
                            "id": "subnet-d4fa3499",
                            "map_public_ip_on_launch": "false",
                            "tags.%": "1",
                            "tags.Name": "Private",
                            "vpc_id": "vpc-ef189b86"
                        },
                        "meta": {
                            "schema_version": "1"
                        },
                        "tainted": false
                    },
                    "deposed": [],
                    "provider": ""
                },
                "aws_subnet.Public": {
                    "type": "aws_subnet",
                    "depends_on": [
                        "aws_vpc.london_paddington",
                        "data.aws_availability_zones.available"
                    ],
                    "primary": {
                        "id": "subnet-0484357f",
                        "attributes": {
                            "assign_ipv6_address_on_creation": "false",
                            "availability_zone": "eu-west-2a",
                            "cidr_block": "172.28.2.0/24",
                            "id": "subnet-0484357f",
                            "map_public_ip_on_launch": "false",
                            "tags.%": "1",
                            "tags.Name": "Public",
                            "vpc_id": "vpc-ef189b86"
                        },
                        "meta": {
                            "schema_version": "1"
                        },
                        "tainted": false
                    },
                    "deposed": [],
                    "provider": ""
                },
                "aws_vpc.london_paddington": {
                    "type": "aws_vpc",
                    "depends_on": [],
                    "primary": {
                        "id": "vpc-ef189b86",
                        "attributes": {
                            "assign_generated_ipv6_cidr_block": "false",
                            "cidr_block": "172.28.0.0/16",
                            "default_network_acl_id": "acl-4b4bc022",
                            "default_route_table_id": "rtb-8bca5de2",
                            "default_security_group_id": "sg-50551139",
                            "dhcp_options_id": "dopt-8ad961e3",
                            "enable_dns_hostnames": "true",
                            "enable_dns_support": "true",
                            "id": "vpc-ef189b86",
                            "instance_tenancy": "default",
                            "main_route_table_id": "rtb-8bca5de2",
                            "tags.%": "1",
                            "tags.Name": "London Paddington vpc"
                        },
                        "meta": {
                            "schema_version": "1"
                        },
                        "tainted": false
                    },
                    "deposed": [],
                    "provider": ""
                },
                "aws_vpc_dhcp_options.mydhcp": {
                    "type": "aws_vpc_dhcp_options",
                    "depends_on": [],
                    "primary": {
                        "id": "dopt-361e905f",
                        "attributes": {
                            "domain_name": "linuxacademy.internal",
                            "domain_name_servers.#": "1",
                            "domain_name_servers.0": "AmazonProvidedDNS",
                            "id": "dopt-361e905f",
                            "tags.%": "1",
                            "tags.Name": "My internal name"
                        },
                        "meta": {},
                        "tainted": false
                    },
                    "deposed": [],
                    "provider": ""
                },
                "aws_vpc_dhcp_options_association.dns_resolver": {
                    "type": "aws_vpc_dhcp_options_association",
                    "depends_on": [
                        "aws_vpc.london_paddington",
                        "aws_vpc_dhcp_options.mydhcp"
                    ],
                    "primary": {
                        "id": "dopt-361e905f-vpc-ef189b86",
                        "attributes": {
                            "dhcp_options_id": "dopt-361e905f",
                            "id": "dopt-361e905f-vpc-ef189b86",
                            "vpc_id": "vpc-ef189b86"
                        },
                        "meta": {},
                        "tainted": false
                    },
                    "deposed": [],
                    "provider": ""
                },
                "data.aws_availability_zones.available": {
                    "type": "aws_availability_zones",
                    "depends_on": [],
                    "primary": {
                        "id": "2017-07-01 15:19:46.650473029 +0000 UTC",
                        "attributes": {
                            "id": "2017-07-01 15:19:46.650473029 +0000 UTC",
                            "names.#": "2",
                            "names.0": "eu-west-2a",
                            "names.1": "eu-west-2b"
                        },
                        "meta": {},
                        "tainted": false
                    },
                    "deposed": [],
                    "provider": ""
                }
            },
            "depends_on": []
        }
    ]
}
